
Microsoft Visual Studio Solution File, Format Version 12.00
# Visual Studio Version 17
VisualStudioVersion = 17.4.33205.214
MinimumVisualStudioVersion = 10.0.40219.1
Project("{FAE04EC0-301F-11D3-BF4B-00C04F79EFBC}") = "MDB", "MDB.csproj", "{2CCBF538-0288-4338-A013-AA1A06838B5A}"
EndProject
Global
	GlobalSection(SolutionConfigurationPlatforms) = preSolution
		Debug|Any CPU = Debug|Any CPU
		Release|Any CPU = Release|Any CPU
	EndGlobalSection
	GlobalSection(ProjectConfigurationPlatforms) = postSolution
		{2CCBF538-0288-4338-A013-AA1A06838B5A}.Debug|Any CPU.ActiveCfg = Debug|Any CPU
		{2CCBF538-0288-4338-A013-AA1A06838B5A}.Debug|Any CPU.Build.0 = Debug|Any CPU
		{2CCBF538-0288-4338-A013-AA1A06838B5A}.Release|Any CPU.ActiveCfg = Release|Any CPU
		{2CCBF538-0288-4338-A013-AA1A06838B5A}.Release|Any CPU.Build.0 = Release|Any CPU
	EndGlobalSection
	GlobalSection(SolutionProperties) = preSolution
		HideSolutionNode = FALSE
	EndGlobalSection
	GlobalSection(ExtensibilityGlobals) = postSolution
		SolutionGuid = {B28AD9DF-BB07-40F5-8608-739AC787A0AA}
	EndGlobalSection
EndGlobal
